
Microsoft Visual Studio Solution File, Format Version 12.00
# Visual Studio Version 16
VisualStudioVersion = 16.0.30413.136
MinimumVisualStudioVersion = 10.0.40219.1
Project("{FAE04EC0-301F-11D3-BF4B-00C04F79EFBC}") = "Szamolo01", "Szamolo01\Szamolo01.csproj", "{C422801E-39A2-4D0A-846B-19A461887F09}"
EndProject
Global
	GlobalSection(SolutionConfigurationPlatforms) = preSolution
		Debug|Any CPU = Debug|Any CPU
		Release|Any CPU = Release|Any CPU
	EndGlobalSection
	GlobalSection(ProjectConfigurationPlatforms) = postSolution
		{C422801E-39A2-4D0A-846B-19A461887F09}.Debug|Any CPU.ActiveCfg = Debug|Any CPU
		{C422801E-39A2-4D0A-846B-19A461887F09}.Debug|Any CPU.Build.0 = Debug|Any CPU
		{C422801E-39A2-4D0A-846B-19A461887F09}.Release|Any CPU.ActiveCfg = Release|Any CPU
		{C422801E-39A2-4D0A-846B-19A461887F09}.Release|Any CPU.Build.0 = Release|Any CPU
	EndGlobalSection
	GlobalSection(SolutionProperties) = preSolution
		HideSolutionNode = FALSE
	EndGlobalSection
	GlobalSection(ExtensibilityGlobals) = postSolution
		SolutionGuid = {7239E822-A8AB-42F4-9BA9-9A1A297898DC}
	EndGlobalSection
EndGlobal
