
Microsoft Visual Studio Solution File, Format Version 12.00
# Visual Studio Version 16
VisualStudioVersion = 16.0.30717.126
MinimumVisualStudioVersion = 10.0.40219.1
Project("{FAE04EC0-301F-11D3-BF4B-00C04F79EFBC}") = "SZBkiseloadas", "SZBkiseloadas\SZBkiseloadas.csproj", "{9E41E0E5-4982-4BF6-A247-CA44A9EAA3EE}"
EndProject
Global
	GlobalSection(SolutionConfigurationPlatforms) = preSolution
		Debug|Any CPU = Debug|Any CPU
		Release|Any CPU = Release|Any CPU
	EndGlobalSection
	GlobalSection(ProjectConfigurationPlatforms) = postSolution
		{9E41E0E5-4982-4BF6-A247-CA44A9EAA3EE}.Debug|Any CPU.ActiveCfg = Debug|Any CPU
		{9E41E0E5-4982-4BF6-A247-CA44A9EAA3EE}.Debug|Any CPU.Build.0 = Debug|Any CPU
		{9E41E0E5-4982-4BF6-A247-CA44A9EAA3EE}.Release|Any CPU.ActiveCfg = Release|Any CPU
		{9E41E0E5-4982-4BF6-A247-CA44A9EAA3EE}.Release|Any CPU.Build.0 = Release|Any CPU
	EndGlobalSection
	GlobalSection(SolutionProperties) = preSolution
		HideSolutionNode = FALSE
	EndGlobalSection
	GlobalSection(ExtensibilityGlobals) = postSolution
		SolutionGuid = {B402314B-9DBE-4B04-AC63-E31A5E3D0364}
	EndGlobalSection
EndGlobal
