
Microsoft Visual Studio Solution File, Format Version 12.00
# Visual Studio Version 16
VisualStudioVersion = 16.0.30413.136
MinimumVisualStudioVersion = 10.0.40219.1
Project("{FAE04EC0-301F-11D3-BF4B-00C04F79EFBC}") = "Szamolo01", "Szamolo01\Szamolo01.csproj", "{C422801E-39A2-4D0A-846B-19A461887F09}"
EndProject
Project("{FAE04EC0-301F-11D3-BF4B-00C04F79EFBC}") = "KepekKorbe", "KepekKorbe\KepekKorbe.csproj", "{0FB3094A-9D65-4836-8319-C7D6210155A4}"
EndProject
Project("{FAE04EC0-301F-11D3-BF4B-00C04F79EFBC}") = "DinamKomp", "DinamKomp\DinamKomp.csproj", "{A4DD8EE4-04EB-470F-8EE8-2D697B9744AD}"
EndProject
Project("{FAE04EC0-301F-11D3-BF4B-00C04F79EFBC}") = "Halmazok", "Halmazok\Halmazok.csproj", "{E9DD7A69-89BC-4E17-9C55-E35617E261F5}"
EndProject
Project("{FAE04EC0-301F-11D3-BF4B-00C04F79EFBC}") = "Matrix", "Matrix\Matrix.csproj", "{AB29DEE3-4E5D-46F6-B2D2-920D3C4DEAC8}"
EndProject
Project("{FAE04EC0-301F-11D3-BF4B-00C04F79EFBC}") = "Szorzotabla", "Szorzotabla\Szorzotabla.csproj", "{6E8E67C8-B3D0-4007-9196-20A9A84122AE}"
EndProject
Project("{FAE04EC0-301F-11D3-BF4B-00C04F79EFBC}") = "LnkoLkkt", "LnkoLkkt\LnkoLkkt.csproj", "{AEA2B004-DB69-4163-AA26-A5E596886B15}"
EndProject
Project("{FAE04EC0-301F-11D3-BF4B-00C04F79EFBC}") = "Formazas", "Formazas\Formazas.csproj", "{DA848C18-70FA-483C-8BDD-623190684E8C}"
EndProject
Project("{FAE04EC0-301F-11D3-BF4B-00C04F79EFBC}") = "MatrixDoga", "MatrixDoga\MatrixDoga.csproj", "{BD7A2909-AD34-461A-BD1A-97441594ACEB}"
EndProject
Project("{2150E333-8FDC-42A3-9474-1A3956D46DE8}") = "Dolgozatok", "Dolgozatok", "{973FE31D-6C1F-4E66-91FB-C3184C998629}"
EndProject
Project("{2150E333-8FDC-42A3-9474-1A3956D46DE8}") = "Matrixok", "Matrixok", "{809E893E-35B4-4C35-A04B-E7EDAD18C7EE}"
EndProject
Project("{FAE04EC0-301F-11D3-BF4B-00C04F79EFBC}") = "WindowsFormsApp1", "..\..\Dolgozatok\2020.10.13 - Mátrix\Veres Attila\WindowsFormsApp1.csproj", "{B8A5F282-E6F4-4463-93D2-170F084C2673}"
EndProject
Project("{2150E333-8FDC-42A3-9474-1A3956D46DE8}") = "Veres Attila", "Veres Attila", "{71896F03-09C3-4006-AF70-41752277738C}"
EndProject
Project("{2150E333-8FDC-42A3-9474-1A3956D46DE8}") = "Elek Edina", "Elek Edina", "{E4E8DAD1-3567-46F4-83D2-F01AD027FC8B}"
EndProject
Project("{2150E333-8FDC-42A3-9474-1A3956D46DE8}") = "Kelemen Péter", "Kelemen Péter", "{BD3BDA1F-8384-4BA6-9CF3-04F7852F75C5}"
EndProject
Project("{2150E333-8FDC-42A3-9474-1A3956D46DE8}") = "Kurucz Gergő", "Kurucz Gergő", "{138215AE-E15D-4535-B580-E3E829CD2A44}"
EndProject
Project("{2150E333-8FDC-42A3-9474-1A3956D46DE8}") = "Nagy Ferenc", "Nagy Ferenc", "{1B071E91-B5EF-4715-BA79-A420A67A9D22}"
EndProject
Project("{2150E333-8FDC-42A3-9474-1A3956D46DE8}") = "Seres Róbert", "Seres Róbert", "{032B9690-2919-402D-90D2-BE67CFBC9DEF}"
EndProject
Project("{FAE04EC0-301F-11D3-BF4B-00C04F79EFBC}") = "WindowsFormsApp1", "..\..\Dolgozatok\2020.10.13 - Mátrix\Elek Edina\WindowsFormsApp1.csproj", "{A07AA17F-497D-48EA-A250-F7C7E60AC2C8}"
EndProject
Project("{FAE04EC0-301F-11D3-BF4B-00C04F79EFBC}") = "matrixos", "..\..\Dolgozatok\2020.10.13 - Mátrix\Kelemen Péter\matrixos.csproj", "{1369F1BB-B02A-49E1-8149-83C7B59CA1B4}"
EndProject
Project("{FAE04EC0-301F-11D3-BF4B-00C04F79EFBC}") = "dolgozat", "..\..\Dolgozatok\2020.10.13 - Mátrix\Kurucz Gergő\dolgozat.csproj", "{00F85896-48E2-4733-9EF0-F03577B32DF0}"
EndProject
Project("{FAE04EC0-301F-11D3-BF4B-00C04F79EFBC}") = "20201013_matrix", "..\..\Dolgozatok\2020.10.13 - Mátrix\Nagy Ferenc\20201013_matrix.csproj", "{35F3347F-C80D-469A-93CB-2E49C2E5D889}"
EndProject
Project("{FAE04EC0-301F-11D3-BF4B-00C04F79EFBC}") = "Dolgozat", "..\..\Dolgozatok\2020.10.13 - Mátrix\Seres Róbert\Dolgozat.csproj", "{9AB04451-3380-4FB2-A6B1-72FFB10BC5A1}"
EndProject
Project("{2150E333-8FDC-42A3-9474-1A3956D46DE8}") = "Krecz András", "Krecz András", "{3B4EC44D-1CC1-4BE8-AF34-3821294A997E}"
EndProject
Project("{FAE04EC0-301F-11D3-BF4B-00C04F79EFBC}") = "Krecz_Andris_Dolgozat", "..\..\Dolgozatok\2020.10.13 - Mátrix\Krecz András\Krecz_Andris_Dolgozat.csproj", "{FB652259-1CD6-4725-AC80-A9F2CCA80DD3}"
EndProject
Project("{FAE04EC0-301F-11D3-BF4B-00C04F79EFBC}") = "GombBemutato", "Jegykalkulator\GombBemutato.csproj", "{352660E0-C16C-4A79-9D6C-BBBBF7EA6CE2}"
EndProject
Project("{FAE04EC0-301F-11D3-BF4B-00C04F79EFBC}") = "Jegykalkulator2", "Jegykalkulator2\Jegykalkulator2.csproj", "{1E2D7C58-F191-4D23-BFDA-0309DDB4D90C}"
EndProject
Project("{FAE04EC0-301F-11D3-BF4B-00C04F79EFBC}") = "NapokSzama2", "NapokSzama2\NapokSzama2.csproj", "{40E1735E-0135-4FBA-A4FE-CB030914C8CD}"
EndProject
Project("{FAE04EC0-301F-11D3-BF4B-00C04F79EFBC}") = "Csillagjegyek", "Csillagjegyek\Csillagjegyek.csproj", "{B250893A-13E9-4DBD-92A5-A2E193A727E5}"
EndProject
Project("{FAE04EC0-301F-11D3-BF4B-00C04F79EFBC}") = "DatumIdoNoveles", "DatumIdoNoveles\DatumIdoNoveles.csproj", "{2062D091-5926-4662-BC1D-4C9DEDEBCD4E}"
EndProject
Project("{FAE04EC0-301F-11D3-BF4B-00C04F79EFBC}") = "Datumnoveles", "Datumnoveles\Datumnoveles.csproj", "{FE23CB39-ABCE-44B0-88DC-E1C94931F861}"
EndProject
Project("{FAE04EC0-301F-11D3-BF4B-00C04F79EFBC}") = "MatrixTranszform", "MatrixTranszform\MatrixTranszform.csproj", "{C1A1FA60-9179-489F-A0EA-C08E9E40DCAC}"
EndProject
Project("{FAE04EC0-301F-11D3-BF4B-00C04F79EFBC}") = "Split", "Split\Split.csproj", "{A8129DD2-119C-4D1F-A517-BC36080856E1}"
EndProject
Project("{FAE04EC0-301F-11D3-BF4B-00C04F79EFBC}") = "Split2", "Split2\Split2.csproj", "{B9FC421E-EAD0-4B03-8218-13FE1CD12C5B}"
EndProject
Project("{FAE04EC0-301F-11D3-BF4B-00C04F79EFBC}") = "Tab", "Tab\Tab.csproj", "{65BA9E35-7522-463E-886A-2D8AB0CD9F39}"
EndProject
Project("{FAE04EC0-301F-11D3-BF4B-00C04F79EFBC}") = "TabControl02", "TabControl02\TabControl02.csproj", "{E28B0603-F36A-43AF-8A71-97E71EF5D645}"
EndProject
Global
	GlobalSection(SolutionConfigurationPlatforms) = preSolution
		Debug|Any CPU = Debug|Any CPU
		Release|Any CPU = Release|Any CPU
	EndGlobalSection
	GlobalSection(ProjectConfigurationPlatforms) = postSolution
		{C422801E-39A2-4D0A-846B-19A461887F09}.Debug|Any CPU.ActiveCfg = Debug|Any CPU
		{C422801E-39A2-4D0A-846B-19A461887F09}.Debug|Any CPU.Build.0 = Debug|Any CPU
		{C422801E-39A2-4D0A-846B-19A461887F09}.Release|Any CPU.ActiveCfg = Release|Any CPU
		{C422801E-39A2-4D0A-846B-19A461887F09}.Release|Any CPU.Build.0 = Release|Any CPU
		{0FB3094A-9D65-4836-8319-C7D6210155A4}.Debug|Any CPU.ActiveCfg = Debug|Any CPU
		{0FB3094A-9D65-4836-8319-C7D6210155A4}.Debug|Any CPU.Build.0 = Debug|Any CPU
		{0FB3094A-9D65-4836-8319-C7D6210155A4}.Release|Any CPU.ActiveCfg = Release|Any CPU
		{0FB3094A-9D65-4836-8319-C7D6210155A4}.Release|Any CPU.Build.0 = Release|Any CPU
		{A4DD8EE4-04EB-470F-8EE8-2D697B9744AD}.Debug|Any CPU.ActiveCfg = Debug|Any CPU
		{A4DD8EE4-04EB-470F-8EE8-2D697B9744AD}.Debug|Any CPU.Build.0 = Debug|Any CPU
		{A4DD8EE4-04EB-470F-8EE8-2D697B9744AD}.Release|Any CPU.ActiveCfg = Release|Any CPU
		{A4DD8EE4-04EB-470F-8EE8-2D697B9744AD}.Release|Any CPU.Build.0 = Release|Any CPU
		{E9DD7A69-89BC-4E17-9C55-E35617E261F5}.Debug|Any CPU.ActiveCfg = Debug|Any CPU
		{E9DD7A69-89BC-4E17-9C55-E35617E261F5}.Debug|Any CPU.Build.0 = Debug|Any CPU
		{E9DD7A69-89BC-4E17-9C55-E35617E261F5}.Release|Any CPU.ActiveCfg = Release|Any CPU
		{E9DD7A69-89BC-4E17-9C55-E35617E261F5}.Release|Any CPU.Build.0 = Release|Any CPU
		{AB29DEE3-4E5D-46F6-B2D2-920D3C4DEAC8}.Debug|Any CPU.ActiveCfg = Debug|Any CPU
		{AB29DEE3-4E5D-46F6-B2D2-920D3C4DEAC8}.Debug|Any CPU.Build.0 = Debug|Any CPU
		{AB29DEE3-4E5D-46F6-B2D2-920D3C4DEAC8}.Release|Any CPU.ActiveCfg = Release|Any CPU
		{AB29DEE3-4E5D-46F6-B2D2-920D3C4DEAC8}.Release|Any CPU.Build.0 = Release|Any CPU
		{6E8E67C8-B3D0-4007-9196-20A9A84122AE}.Debug|Any CPU.ActiveCfg = Debug|Any CPU
		{6E8E67C8-B3D0-4007-9196-20A9A84122AE}.Debug|Any CPU.Build.0 = Debug|Any CPU
		{6E8E67C8-B3D0-4007-9196-20A9A84122AE}.Release|Any CPU.ActiveCfg = Release|Any CPU
		{6E8E67C8-B3D0-4007-9196-20A9A84122AE}.Release|Any CPU.Build.0 = Release|Any CPU
		{AEA2B004-DB69-4163-AA26-A5E596886B15}.Debug|Any CPU.ActiveCfg = Debug|Any CPU
		{AEA2B004-DB69-4163-AA26-A5E596886B15}.Debug|Any CPU.Build.0 = Debug|Any CPU
		{AEA2B004-DB69-4163-AA26-A5E596886B15}.Release|Any CPU.ActiveCfg = Release|Any CPU
		{AEA2B004-DB69-4163-AA26-A5E596886B15}.Release|Any CPU.Build.0 = Release|Any CPU
		{DA848C18-70FA-483C-8BDD-623190684E8C}.Debug|Any CPU.ActiveCfg = Debug|Any CPU
		{DA848C18-70FA-483C-8BDD-623190684E8C}.Debug|Any CPU.Build.0 = Debug|Any CPU
		{DA848C18-70FA-483C-8BDD-623190684E8C}.Release|Any CPU.ActiveCfg = Release|Any CPU
		{DA848C18-70FA-483C-8BDD-623190684E8C}.Release|Any CPU.Build.0 = Release|Any CPU
		{BD7A2909-AD34-461A-BD1A-97441594ACEB}.Debug|Any CPU.ActiveCfg = Debug|Any CPU
		{BD7A2909-AD34-461A-BD1A-97441594ACEB}.Debug|Any CPU.Build.0 = Debug|Any CPU
		{BD7A2909-AD34-461A-BD1A-97441594ACEB}.Release|Any CPU.ActiveCfg = Release|Any CPU
		{BD7A2909-AD34-461A-BD1A-97441594ACEB}.Release|Any CPU.Build.0 = Release|Any CPU
		{B8A5F282-E6F4-4463-93D2-170F084C2673}.Debug|Any CPU.ActiveCfg = Debug|Any CPU
		{B8A5F282-E6F4-4463-93D2-170F084C2673}.Debug|Any CPU.Build.0 = Debug|Any CPU
		{B8A5F282-E6F4-4463-93D2-170F084C2673}.Release|Any CPU.ActiveCfg = Release|Any CPU
		{B8A5F282-E6F4-4463-93D2-170F084C2673}.Release|Any CPU.Build.0 = Release|Any CPU
		{A07AA17F-497D-48EA-A250-F7C7E60AC2C8}.Debug|Any CPU.ActiveCfg = Debug|Any CPU
		{A07AA17F-497D-48EA-A250-F7C7E60AC2C8}.Debug|Any CPU.Build.0 = Debug|Any CPU
		{A07AA17F-497D-48EA-A250-F7C7E60AC2C8}.Release|Any CPU.ActiveCfg = Release|Any CPU
		{A07AA17F-497D-48EA-A250-F7C7E60AC2C8}.Release|Any CPU.Build.0 = Release|Any CPU
		{1369F1BB-B02A-49E1-8149-83C7B59CA1B4}.Debug|Any CPU.ActiveCfg = Debug|Any CPU
		{1369F1BB-B02A-49E1-8149-83C7B59CA1B4}.Debug|Any CPU.Build.0 = Debug|Any CPU
		{1369F1BB-B02A-49E1-8149-83C7B59CA1B4}.Release|Any CPU.ActiveCfg = Release|Any CPU
		{1369F1BB-B02A-49E1-8149-83C7B59CA1B4}.Release|Any CPU.Build.0 = Release|Any CPU
		{00F85896-48E2-4733-9EF0-F03577B32DF0}.Debug|Any CPU.ActiveCfg = Debug|Any CPU
		{00F85896-48E2-4733-9EF0-F03577B32DF0}.Debug|Any CPU.Build.0 = Debug|Any CPU
		{00F85896-48E2-4733-9EF0-F03577B32DF0}.Release|Any CPU.ActiveCfg = Release|Any CPU
		{00F85896-48E2-4733-9EF0-F03577B32DF0}.Release|Any CPU.Build.0 = Release|Any CPU
		{35F3347F-C80D-469A-93CB-2E49C2E5D889}.Debug|Any CPU.ActiveCfg = Debug|Any CPU
		{35F3347F-C80D-469A-93CB-2E49C2E5D889}.Debug|Any CPU.Build.0 = Debug|Any CPU
		{35F3347F-C80D-469A-93CB-2E49C2E5D889}.Release|Any CPU.ActiveCfg = Release|Any CPU
		{35F3347F-C80D-469A-93CB-2E49C2E5D889}.Release|Any CPU.Build.0 = Release|Any CPU
		{9AB04451-3380-4FB2-A6B1-72FFB10BC5A1}.Debug|Any CPU.ActiveCfg = Debug|Any CPU
		{9AB04451-3380-4FB2-A6B1-72FFB10BC5A1}.Debug|Any CPU.Build.0 = Debug|Any CPU
		{9AB04451-3380-4FB2-A6B1-72FFB10BC5A1}.Release|Any CPU.ActiveCfg = Release|Any CPU
		{9AB04451-3380-4FB2-A6B1-72FFB10BC5A1}.Release|Any CPU.Build.0 = Release|Any CPU
		{FB652259-1CD6-4725-AC80-A9F2CCA80DD3}.Debug|Any CPU.ActiveCfg = Debug|Any CPU
		{FB652259-1CD6-4725-AC80-A9F2CCA80DD3}.Debug|Any CPU.Build.0 = Debug|Any CPU
		{FB652259-1CD6-4725-AC80-A9F2CCA80DD3}.Release|Any CPU.ActiveCfg = Release|Any CPU
		{FB652259-1CD6-4725-AC80-A9F2CCA80DD3}.Release|Any CPU.Build.0 = Release|Any CPU
		{352660E0-C16C-4A79-9D6C-BBBBF7EA6CE2}.Debug|Any CPU.ActiveCfg = Debug|Any CPU
		{352660E0-C16C-4A79-9D6C-BBBBF7EA6CE2}.Debug|Any CPU.Build.0 = Debug|Any CPU
		{352660E0-C16C-4A79-9D6C-BBBBF7EA6CE2}.Release|Any CPU.ActiveCfg = Release|Any CPU
		{352660E0-C16C-4A79-9D6C-BBBBF7EA6CE2}.Release|Any CPU.Build.0 = Release|Any CPU
		{1E2D7C58-F191-4D23-BFDA-0309DDB4D90C}.Debug|Any CPU.ActiveCfg = Debug|Any CPU
		{1E2D7C58-F191-4D23-BFDA-0309DDB4D90C}.Debug|Any CPU.Build.0 = Debug|Any CPU
		{1E2D7C58-F191-4D23-BFDA-0309DDB4D90C}.Release|Any CPU.ActiveCfg = Release|Any CPU
		{1E2D7C58-F191-4D23-BFDA-0309DDB4D90C}.Release|Any CPU.Build.0 = Release|Any CPU
		{40E1735E-0135-4FBA-A4FE-CB030914C8CD}.Debug|Any CPU.ActiveCfg = Debug|Any CPU
		{40E1735E-0135-4FBA-A4FE-CB030914C8CD}.Debug|Any CPU.Build.0 = Debug|Any CPU
		{40E1735E-0135-4FBA-A4FE-CB030914C8CD}.Release|Any CPU.ActiveCfg = Release|Any CPU
		{40E1735E-0135-4FBA-A4FE-CB030914C8CD}.Release|Any CPU.Build.0 = Release|Any CPU
		{B250893A-13E9-4DBD-92A5-A2E193A727E5}.Debug|Any CPU.ActiveCfg = Debug|Any CPU
		{B250893A-13E9-4DBD-92A5-A2E193A727E5}.Debug|Any CPU.Build.0 = Debug|Any CPU
		{B250893A-13E9-4DBD-92A5-A2E193A727E5}.Release|Any CPU.ActiveCfg = Release|Any CPU
		{B250893A-13E9-4DBD-92A5-A2E193A727E5}.Release|Any CPU.Build.0 = Release|Any CPU
		{2062D091-5926-4662-BC1D-4C9DEDEBCD4E}.Debug|Any CPU.ActiveCfg = Debug|Any CPU
		{2062D091-5926-4662-BC1D-4C9DEDEBCD4E}.Debug|Any CPU.Build.0 = Debug|Any CPU
		{2062D091-5926-4662-BC1D-4C9DEDEBCD4E}.Release|Any CPU.ActiveCfg = Release|Any CPU
		{2062D091-5926-4662-BC1D-4C9DEDEBCD4E}.Release|Any CPU.Build.0 = Release|Any CPU
		{FE23CB39-ABCE-44B0-88DC-E1C94931F861}.Debug|Any CPU.ActiveCfg = Debug|Any CPU
		{FE23CB39-ABCE-44B0-88DC-E1C94931F861}.Debug|Any CPU.Build.0 = Debug|Any CPU
		{FE23CB39-ABCE-44B0-88DC-E1C94931F861}.Release|Any CPU.ActiveCfg = Release|Any CPU
		{FE23CB39-ABCE-44B0-88DC-E1C94931F861}.Release|Any CPU.Build.0 = Release|Any CPU
		{C1A1FA60-9179-489F-A0EA-C08E9E40DCAC}.Debug|Any CPU.ActiveCfg = Debug|Any CPU
		{C1A1FA60-9179-489F-A0EA-C08E9E40DCAC}.Debug|Any CPU.Build.0 = Debug|Any CPU
		{C1A1FA60-9179-489F-A0EA-C08E9E40DCAC}.Release|Any CPU.ActiveCfg = Release|Any CPU
		{C1A1FA60-9179-489F-A0EA-C08E9E40DCAC}.Release|Any CPU.Build.0 = Release|Any CPU
		{A8129DD2-119C-4D1F-A517-BC36080856E1}.Debug|Any CPU.ActiveCfg = Debug|Any CPU
		{A8129DD2-119C-4D1F-A517-BC36080856E1}.Debug|Any CPU.Build.0 = Debug|Any CPU
		{A8129DD2-119C-4D1F-A517-BC36080856E1}.Release|Any CPU.ActiveCfg = Release|Any CPU
		{A8129DD2-119C-4D1F-A517-BC36080856E1}.Release|Any CPU.Build.0 = Release|Any CPU
		{B9FC421E-EAD0-4B03-8218-13FE1CD12C5B}.Debug|Any CPU.ActiveCfg = Debug|Any CPU
		{B9FC421E-EAD0-4B03-8218-13FE1CD12C5B}.Debug|Any CPU.Build.0 = Debug|Any CPU
		{B9FC421E-EAD0-4B03-8218-13FE1CD12C5B}.Release|Any CPU.ActiveCfg = Release|Any CPU
		{B9FC421E-EAD0-4B03-8218-13FE1CD12C5B}.Release|Any CPU.Build.0 = Release|Any CPU
		{65BA9E35-7522-463E-886A-2D8AB0CD9F39}.Debug|Any CPU.ActiveCfg = Debug|Any CPU
		{65BA9E35-7522-463E-886A-2D8AB0CD9F39}.Debug|Any CPU.Build.0 = Debug|Any CPU
		{65BA9E35-7522-463E-886A-2D8AB0CD9F39}.Release|Any CPU.ActiveCfg = Release|Any CPU
		{65BA9E35-7522-463E-886A-2D8AB0CD9F39}.Release|Any CPU.Build.0 = Release|Any CPU
		{E28B0603-F36A-43AF-8A71-97E71EF5D645}.Debug|Any CPU.ActiveCfg = Debug|Any CPU
		{E28B0603-F36A-43AF-8A71-97E71EF5D645}.Debug|Any CPU.Build.0 = Debug|Any CPU
		{E28B0603-F36A-43AF-8A71-97E71EF5D645}.Release|Any CPU.ActiveCfg = Release|Any CPU
		{E28B0603-F36A-43AF-8A71-97E71EF5D645}.Release|Any CPU.Build.0 = Release|Any CPU
	EndGlobalSection
	GlobalSection(SolutionProperties) = preSolution
		HideSolutionNode = FALSE
	EndGlobalSection
	GlobalSection(NestedProjects) = preSolution
		{BD7A2909-AD34-461A-BD1A-97441594ACEB} = {809E893E-35B4-4C35-A04B-E7EDAD18C7EE}
		{809E893E-35B4-4C35-A04B-E7EDAD18C7EE} = {973FE31D-6C1F-4E66-91FB-C3184C998629}
		{B8A5F282-E6F4-4463-93D2-170F084C2673} = {71896F03-09C3-4006-AF70-41752277738C}
		{71896F03-09C3-4006-AF70-41752277738C} = {809E893E-35B4-4C35-A04B-E7EDAD18C7EE}
		{E4E8DAD1-3567-46F4-83D2-F01AD027FC8B} = {809E893E-35B4-4C35-A04B-E7EDAD18C7EE}
		{BD3BDA1F-8384-4BA6-9CF3-04F7852F75C5} = {809E893E-35B4-4C35-A04B-E7EDAD18C7EE}
		{138215AE-E15D-4535-B580-E3E829CD2A44} = {809E893E-35B4-4C35-A04B-E7EDAD18C7EE}
		{1B071E91-B5EF-4715-BA79-A420A67A9D22} = {809E893E-35B4-4C35-A04B-E7EDAD18C7EE}
		{032B9690-2919-402D-90D2-BE67CFBC9DEF} = {809E893E-35B4-4C35-A04B-E7EDAD18C7EE}
		{A07AA17F-497D-48EA-A250-F7C7E60AC2C8} = {E4E8DAD1-3567-46F4-83D2-F01AD027FC8B}
		{1369F1BB-B02A-49E1-8149-83C7B59CA1B4} = {BD3BDA1F-8384-4BA6-9CF3-04F7852F75C5}
		{00F85896-48E2-4733-9EF0-F03577B32DF0} = {138215AE-E15D-4535-B580-E3E829CD2A44}
		{35F3347F-C80D-469A-93CB-2E49C2E5D889} = {1B071E91-B5EF-4715-BA79-A420A67A9D22}
		{9AB04451-3380-4FB2-A6B1-72FFB10BC5A1} = {032B9690-2919-402D-90D2-BE67CFBC9DEF}
		{3B4EC44D-1CC1-4BE8-AF34-3821294A997E} = {809E893E-35B4-4C35-A04B-E7EDAD18C7EE}
		{FB652259-1CD6-4725-AC80-A9F2CCA80DD3} = {3B4EC44D-1CC1-4BE8-AF34-3821294A997E}
	EndGlobalSection
	GlobalSection(ExtensibilityGlobals) = postSolution
		SolutionGuid = {7239E822-A8AB-42F4-9BA9-9A1A297898DC}
	EndGlobalSection
EndGlobal
